
Microsoft Visual Studio Solution File, Format Version 12.00
Project("{FAE04EC0-301F-11D3-BF4B-00C04F79EFBC}") = "PortfolioSite", "PortfolioSite\PortfolioSite.csproj", "{AC4E95B9-0DD5-4AAE-AD19-A12EE6AD1E91}"
EndProject
Global
	GlobalSection(SolutionConfigurationPlatforms) = preSolution
		Debug|Any CPU = Debug|Any CPU
		Release|Any CPU = Release|Any CPU
	EndGlobalSection
	GlobalSection(ProjectConfigurationPlatforms) = postSolution
		{AC4E95B9-0DD5-4AAE-AD19-A12EE6AD1E91}.Debug|Any CPU.ActiveCfg = Debug|Any CPU
		{AC4E95B9-0DD5-4AAE-AD19-A12EE6AD1E91}.Debug|Any CPU.Build.0 = Debug|Any CPU
		{AC4E95B9-0DD5-4AAE-AD19-A12EE6AD1E91}.Release|Any CPU.ActiveCfg = Release|Any CPU
		{AC4E95B9-0DD5-4AAE-AD19-A12EE6AD1E91}.Release|Any CPU.Build.0 = Release|Any CPU
	EndGlobalSection
EndGlobal
